# THIS IS AN AUTOGENERATED FILE. DO NOT EDIT THIS FILE DIRECTLY.
# yarn lockfile v1


esbuild@^0.6.21:
  version "0.6.23"
  resolved "https://registry.yarnpkg.com/esbuild/-/esbuild-0.6.23.tgz#a926079c2340c40411cebe6e56337e7467ee9a9a"
  integrity sha512-NOTbv2Te/u5lPqIkldkK9a4QHgiDVDuQNniMxfJfLIysXPy4enerS2fHx89qlhnIDAltC8F+pkob5okgZ+O0Kw==
